{
  "name": "trumpet-figering-diagram",
  "version": "1.0.1",
  "lockfileVersion": 1,
  "requires": true,
  "dependencies": {
    "artista-music-theory": {
      "version": "0.0.4",
      "resolved": "https://registry.npmjs.org/artista-music-theory/-/artista-music-theory-0.0.4.tgz",
      "integrity": "sha512-Zs977i3tXDfbt7kumLiIu/GQ5W1ODpywQZ1SHRMQ3SI69i56600vsbdOs63bpRj5PiPPgMQvfIstiT8jGQYJow=="
    }
  }
}
